
Microsoft Visual Studio Solution File, Format Version 12.00
# Visual Studio Version 17
VisualStudioVersion = 17.9.34723.18
MinimumVisualStudioVersion = 10.0.40219.1
Project("{FAE04EC0-301F-11D3-BF4B-00C04F79EFBC}") = "CarPark", "CarPark\CarPark.csproj", "{BB332DF5-F712-46A5-BF96-F3AF66FB67DC}"
EndProject
Global
	GlobalSection(SolutionConfigurationPlatforms) = preSolution
		Debug|Any CPU = Debug|Any CPU
		Release|Any CPU = Release|Any CPU
	EndGlobalSection
	GlobalSection(ProjectConfigurationPlatforms) = postSolution
		{BB332DF5-F712-46A5-BF96-F3AF66FB67DC}.Debug|Any CPU.ActiveCfg = Debug|Any CPU
		{BB332DF5-F712-46A5-BF96-F3AF66FB67DC}.Debug|Any CPU.Build.0 = Debug|Any CPU
		{BB332DF5-F712-46A5-BF96-F3AF66FB67DC}.Release|Any CPU.ActiveCfg = Release|Any CPU
		{BB332DF5-F712-46A5-BF96-F3AF66FB67DC}.Release|Any CPU.Build.0 = Release|Any CPU
	EndGlobalSection
	GlobalSection(SolutionProperties) = preSolution
		HideSolutionNode = FALSE
	EndGlobalSection
	GlobalSection(ExtensibilityGlobals) = postSolution
		SolutionGuid = {13416D04-3B33-4348-85C4-640D631D4FCB}
	EndGlobalSection
EndGlobal
